<?xml version="1.0" encoding="utf-8"?>
<Project ToolsVersion="4.0" xmlns="http://schemas.microsoft.com/developer/msbuild/2003">
  <ItemGroup>
    <ClCompile Include="assimp_loader.cpp" />
    <ClCompile Include="gl\glad\glad.c" />
    <ClCompile Include="main.cpp" />
    <ClCompile Include="text.cpp" />
  </ItemGroup>
  <ItemGroup>
    <ClInclude Include="assimp_loader.h" />
    <ClInclude Include="cgmath.h" />
    <ClInclude Include="cgut2.h" />
    <ClInclude Include="location.h" />
    <ClInclude Include="map.h" />
    <ClInclude Include="model.h" />
    <ClInclude Include="particle.h" />
    <ClInclude Include="stb_truetype.h" />
    <ClInclude Include="trackball.h" />
    <ClInclude Include="wall.h" />
  </ItemGroup>
  <ItemGroup>
    <None Include="..\bin\shaders\image.frag" />
    <None Include="..\bin\shaders\image.vert" />
    <None Include="..\bin\shaders\model.frag" />
    <None Include="..\bin\shaders\model.vert" />
    <None Include="..\bin\shaders\skybox.frag" />
    <None Include="..\bin\shaders\skybox.vert" />
    <None Include="..\bin\shaders\text.frag" />
    <None Include="..\bin\shaders\text.vert" />
  </ItemGroup>
</Project>